
Microsoft Visual Studio Solution File, Format Version 12.00
# Visual Studio 14
VisualStudioVersion = 14.0.23107.0
MinimumVisualStudioVersion = 10.0.40219.1
Project("{E24C65DC-7377-472B-9ABA-BC803B73C61A}") = "Ledze&Djani", ".", "{BB95C3DC-C856-4628-8B89-3AF1F78CC2A0}"
	ProjectSection(WebsiteProperties) = preProject
		TargetFrameworkMoniker = ".NETFramework,Version%3Dv4.0"
		Debug.AspNetCompiler.VirtualPath = "/localhost_56408"
		Debug.AspNetCompiler.PhysicalPath = "..\Ledze&Djani\"
		Debug.AspNetCompiler.TargetPath = "PrecompiledWeb\localhost_56408\"
		Debug.AspNetCompiler.Updateable = "true"
		Debug.AspNetCompiler.ForceOverwrite = "true"
		Debug.AspNetCompiler.FixedNames = "false"
		Debug.AspNetCompiler.Debug = "True"
		Release.AspNetCompiler.VirtualPath = "/localhost_56408"
		Release.AspNetCompiler.PhysicalPath = "..\Ledze&Djani\"
		Release.AspNetCompiler.TargetPath = "PrecompiledWeb\localhost_56408\"
		Release.AspNetCompiler.Updateable = "true"
		Release.AspNetCompiler.ForceOverwrite = "true"
		Release.AspNetCompiler.FixedNames = "false"
		Release.AspNetCompiler.Debug = "False"
		VWDPort = "56408"
		SlnRelativePath = "..\Ledze&Djani\"
	EndProjectSection
EndProject
Global
	GlobalSection(SolutionConfigurationPlatforms) = preSolution
		Debug|Any CPU = Debug|Any CPU
	EndGlobalSection
	GlobalSection(ProjectConfigurationPlatforms) = postSolution
		{BB95C3DC-C856-4628-8B89-3AF1F78CC2A0}.Debug|Any CPU.ActiveCfg = Debug|Any CPU
		{BB95C3DC-C856-4628-8B89-3AF1F78CC2A0}.Debug|Any CPU.Build.0 = Debug|Any CPU
	EndGlobalSection
	GlobalSection(SolutionProperties) = preSolution
		HideSolutionNode = FALSE
	EndGlobalSection
EndGlobal
